
Microsoft Visual Studio Solution File, Format Version 12.00
# Visual Studio Version 17
VisualStudioVersion = 17.14.36429.23 d17.14
MinimumVisualStudioVersion = 10.0.40219.1
Project("{FAE04EC0-301F-11D3-BF4B-00C04F79EFBC}") = "RaqmiWeb", "RaqmiWeb.csproj", "{C1463694-6008-3727-0EA7-C7A107CCDDB2}"
EndProject
Global
	GlobalSection(SolutionConfigurationPlatforms) = preSolution
		Debug|Any CPU = Debug|Any CPU
		Release|Any CPU = Release|Any CPU
	EndGlobalSection
	GlobalSection(ProjectConfigurationPlatforms) = postSolution
		{C1463694-6008-3727-0EA7-C7A107CCDDB2}.Debug|Any CPU.ActiveCfg = Debug|Any CPU
		{C1463694-6008-3727-0EA7-C7A107CCDDB2}.Debug|Any CPU.Build.0 = Debug|Any CPU
		{C1463694-6008-3727-0EA7-C7A107CCDDB2}.Release|Any CPU.ActiveCfg = Release|Any CPU
		{C1463694-6008-3727-0EA7-C7A107CCDDB2}.Release|Any CPU.Build.0 = Release|Any CPU
	EndGlobalSection
	GlobalSection(SolutionProperties) = preSolution
		HideSolutionNode = FALSE
	EndGlobalSection
	GlobalSection(ExtensibilityGlobals) = postSolution
		SolutionGuid = {791D2EFA-F41A-4CFD-9A47-4E20EE2E5912}
	EndGlobalSection
EndGlobal
